{
  "name": "dandan",
  "lockfileVersion": 2,
  "requires": true,
  "packages": {
    "": {
      "dependencies": {
        "miniprogram-api-typings": "^3.4.4"
      }
    },
    "node_modules/miniprogram-api-typings": {
      "version": "3.4.4",
      "resolved": "https://registry.npmmirror.com/miniprogram-api-typings/download/miniprogram-api-typings-3.4.4.tgz?cache=0&sync_timestamp=1635559997264&other_urls=https%3A%2F%2Fregistry.npmmirror.com%2Fminiprogram-api-typings%2Fdownload%2Fminiprogram-api-typings-3.4.4.tgz",
      "integrity": "sha1-pozh8Q/yR5tSHNSvJ2ojBBuQ8vY=",
      "license": "MIT"
    }
  },
  "dependencies": {
    "miniprogram-api-typings": {
      "version": "3.4.4",
      "resolved": "https://registry.npmmirror.com/miniprogram-api-typings/download/miniprogram-api-typings-3.4.4.tgz?cache=0&sync_timestamp=1635559997264&other_urls=https%3A%2F%2Fregistry.npmmirror.com%2Fminiprogram-api-typings%2Fdownload%2Fminiprogram-api-typings-3.4.4.tgz",
      "integrity": "sha1-pozh8Q/yR5tSHNSvJ2ojBBuQ8vY="
    }
  }
}
